
Microsoft Visual Studio Solution File, Format Version 12.00
# Visual Studio Version 16
VisualStudioVersion = 16.0.30611.23
MinimumVisualStudioVersion = 10.0.40219.1
Project("{FAE04EC0-301F-11D3-BF4B-00C04F79EFBC}") = "a3", "a3\a3.csproj", "{D061B82A-3888-4D48-8E43-785701C8C2B0}"
EndProject
Project("{FAE04EC0-301F-11D3-BF4B-00C04F79EFBC}") = "AccountTests", "AccountTests\AccountTests.csproj", "{056A3DFB-D1D2-4743-9843-EE360F6FCF27}"
EndProject
Global
	GlobalSection(SolutionConfigurationPlatforms) = preSolution
		Debug|Any CPU = Debug|Any CPU
		Release|Any CPU = Release|Any CPU
	EndGlobalSection
	GlobalSection(ProjectConfigurationPlatforms) = postSolution
		{D061B82A-3888-4D48-8E43-785701C8C2B0}.Debug|Any CPU.ActiveCfg = Debug|Any CPU
		{D061B82A-3888-4D48-8E43-785701C8C2B0}.Debug|Any CPU.Build.0 = Debug|Any CPU
		{D061B82A-3888-4D48-8E43-785701C8C2B0}.Release|Any CPU.ActiveCfg = Release|Any CPU
		{D061B82A-3888-4D48-8E43-785701C8C2B0}.Release|Any CPU.Build.0 = Release|Any CPU
		{056A3DFB-D1D2-4743-9843-EE360F6FCF27}.Debug|Any CPU.ActiveCfg = Debug|Any CPU
		{056A3DFB-D1D2-4743-9843-EE360F6FCF27}.Debug|Any CPU.Build.0 = Debug|Any CPU
		{056A3DFB-D1D2-4743-9843-EE360F6FCF27}.Release|Any CPU.ActiveCfg = Release|Any CPU
		{056A3DFB-D1D2-4743-9843-EE360F6FCF27}.Release|Any CPU.Build.0 = Release|Any CPU
	EndGlobalSection
	GlobalSection(SolutionProperties) = preSolution
		HideSolutionNode = FALSE
	EndGlobalSection
	GlobalSection(ExtensibilityGlobals) = postSolution
		SolutionGuid = {1C651C58-667C-4D0D-A88E-02C9CD972526}
	EndGlobalSection
EndGlobal
